
Microsoft Visual Studio Solution File, Format Version 12.00
# Visual Studio Version 16
VisualStudioVersion = 16.0.29403.142
MinimumVisualStudioVersion = 10.0.40219.1
Project("{FAE04EC0-301F-11D3-BF4B-00C04F79EFBC}") = "Kiloutou", "Kiloutou\Kiloutou.csproj", "{98B63AE3-6019-48D3-85D5-D966BCC037F5}"
EndProject
Project("{FAE04EC0-301F-11D3-BF4B-00C04F79EFBC}") = "AppKiloutou", "AppKiloutou\AppKiloutou.csproj", "{401709F8-F444-423A-A9EF-B48B754AB26E}"
EndProject
Global
	GlobalSection(SolutionConfigurationPlatforms) = preSolution
		Debug|Any CPU = Debug|Any CPU
		Release|Any CPU = Release|Any CPU
	EndGlobalSection
	GlobalSection(ProjectConfigurationPlatforms) = postSolution
		{98B63AE3-6019-48D3-85D5-D966BCC037F5}.Debug|Any CPU.ActiveCfg = Debug|Any CPU
		{98B63AE3-6019-48D3-85D5-D966BCC037F5}.Debug|Any CPU.Build.0 = Debug|Any CPU
		{98B63AE3-6019-48D3-85D5-D966BCC037F5}.Release|Any CPU.ActiveCfg = Release|Any CPU
		{98B63AE3-6019-48D3-85D5-D966BCC037F5}.Release|Any CPU.Build.0 = Release|Any CPU
		{401709F8-F444-423A-A9EF-B48B754AB26E}.Debug|Any CPU.ActiveCfg = Debug|Any CPU
		{401709F8-F444-423A-A9EF-B48B754AB26E}.Debug|Any CPU.Build.0 = Debug|Any CPU
		{401709F8-F444-423A-A9EF-B48B754AB26E}.Release|Any CPU.ActiveCfg = Release|Any CPU
		{401709F8-F444-423A-A9EF-B48B754AB26E}.Release|Any CPU.Build.0 = Release|Any CPU
	EndGlobalSection
	GlobalSection(SolutionProperties) = preSolution
		HideSolutionNode = FALSE
	EndGlobalSection
	GlobalSection(ExtensibilityGlobals) = postSolution
		SolutionGuid = {189B6BBE-D697-4D33-9002-6CA99D3986E1}
	EndGlobalSection
EndGlobal
