
Microsoft Visual Studio Solution File, Format Version 12.00
# Visual Studio Version 16
VisualStudioVersion = 16.0.29409.12
MinimumVisualStudioVersion = 10.0.40219.1
Project("{FAE04EC0-301F-11D3-BF4B-00C04F79EFBC}") = "AppBanque", "AppBanque\AppBanque.csproj", "{3E32A9D4-F982-45E1-BA0D-C5EAEE432E2A}"
EndProject
Project("{FAE04EC0-301F-11D3-BF4B-00C04F79EFBC}") = "DllBanque", "DllBanque\DllBanque.csproj", "{8EC1E9B9-8408-4AC0-9EAF-E008105C3C60}"
EndProject
Global
	GlobalSection(SolutionConfigurationPlatforms) = preSolution
		Debug|Any CPU = Debug|Any CPU
		Release|Any CPU = Release|Any CPU
	EndGlobalSection
	GlobalSection(ProjectConfigurationPlatforms) = postSolution
		{3E32A9D4-F982-45E1-BA0D-C5EAEE432E2A}.Debug|Any CPU.ActiveCfg = Debug|Any CPU
		{3E32A9D4-F982-45E1-BA0D-C5EAEE432E2A}.Debug|Any CPU.Build.0 = Debug|Any CPU
		{3E32A9D4-F982-45E1-BA0D-C5EAEE432E2A}.Release|Any CPU.ActiveCfg = Release|Any CPU
		{3E32A9D4-F982-45E1-BA0D-C5EAEE432E2A}.Release|Any CPU.Build.0 = Release|Any CPU
		{8EC1E9B9-8408-4AC0-9EAF-E008105C3C60}.Debug|Any CPU.ActiveCfg = Debug|Any CPU
		{8EC1E9B9-8408-4AC0-9EAF-E008105C3C60}.Debug|Any CPU.Build.0 = Debug|Any CPU
		{8EC1E9B9-8408-4AC0-9EAF-E008105C3C60}.Release|Any CPU.ActiveCfg = Release|Any CPU
		{8EC1E9B9-8408-4AC0-9EAF-E008105C3C60}.Release|Any CPU.Build.0 = Release|Any CPU
	EndGlobalSection
	GlobalSection(SolutionProperties) = preSolution
		HideSolutionNode = FALSE
	EndGlobalSection
	GlobalSection(ExtensibilityGlobals) = postSolution
		SolutionGuid = {BCFC04B3-94B8-4631-91BE-1D936C7818F0}
	EndGlobalSection
EndGlobal
