
Microsoft Visual Studio Solution File, Format Version 12.00
# Visual Studio Version 16
VisualStudioVersion = 16.0.29503.13
MinimumVisualStudioVersion = 10.0.40219.1
Project("{FAE04EC0-301F-11D3-BF4B-00C04F79EFBC}") = "AppTest", "AppTest\AppTest.csproj", "{8FC7A0CA-036E-4D5E-84A4-F9253A7B111F}"
EndProject
Global
	GlobalSection(SolutionConfigurationPlatforms) = preSolution
		Debug|Any CPU = Debug|Any CPU
		Release|Any CPU = Release|Any CPU
	EndGlobalSection
	GlobalSection(ProjectConfigurationPlatforms) = postSolution
		{8FC7A0CA-036E-4D5E-84A4-F9253A7B111F}.Debug|Any CPU.ActiveCfg = Debug|Any CPU
		{8FC7A0CA-036E-4D5E-84A4-F9253A7B111F}.Debug|Any CPU.Build.0 = Debug|Any CPU
		{8FC7A0CA-036E-4D5E-84A4-F9253A7B111F}.Release|Any CPU.ActiveCfg = Release|Any CPU
		{8FC7A0CA-036E-4D5E-84A4-F9253A7B111F}.Release|Any CPU.Build.0 = Release|Any CPU
	EndGlobalSection
	GlobalSection(SolutionProperties) = preSolution
		HideSolutionNode = FALSE
	EndGlobalSection
	GlobalSection(ExtensibilityGlobals) = postSolution
		SolutionGuid = {6F05C89F-DC6B-49C9-A6F2-183FE0CB097B}
	EndGlobalSection
EndGlobal
