
Microsoft Visual Studio Solution File, Format Version 12.00
# Visual Studio Version 16
VisualStudioVersion = 16.0.29403.142
MinimumVisualStudioVersion = 10.0.40219.1
Project("{FAE04EC0-301F-11D3-BF4B-00C04F79EFBC}") = "JeuDu421", "JeuDu421\JeuDu421.csproj", "{59518545-B399-480C-A523-BE6DDCFA0E32}"
EndProject
Project("{FAE04EC0-301F-11D3-BF4B-00C04F79EFBC}") = "App421", "App421\App421.csproj", "{61C7572D-3F17-4B0B-94DF-9DEDCEFED039}"
EndProject
Global
	GlobalSection(SolutionConfigurationPlatforms) = preSolution
		Debug|Any CPU = Debug|Any CPU
		Release|Any CPU = Release|Any CPU
	EndGlobalSection
	GlobalSection(ProjectConfigurationPlatforms) = postSolution
		{59518545-B399-480C-A523-BE6DDCFA0E32}.Debug|Any CPU.ActiveCfg = Debug|Any CPU
		{59518545-B399-480C-A523-BE6DDCFA0E32}.Debug|Any CPU.Build.0 = Debug|Any CPU
		{59518545-B399-480C-A523-BE6DDCFA0E32}.Release|Any CPU.ActiveCfg = Release|Any CPU
		{59518545-B399-480C-A523-BE6DDCFA0E32}.Release|Any CPU.Build.0 = Release|Any CPU
		{61C7572D-3F17-4B0B-94DF-9DEDCEFED039}.Debug|Any CPU.ActiveCfg = Debug|Any CPU
		{61C7572D-3F17-4B0B-94DF-9DEDCEFED039}.Debug|Any CPU.Build.0 = Debug|Any CPU
		{61C7572D-3F17-4B0B-94DF-9DEDCEFED039}.Release|Any CPU.ActiveCfg = Release|Any CPU
		{61C7572D-3F17-4B0B-94DF-9DEDCEFED039}.Release|Any CPU.Build.0 = Release|Any CPU
	EndGlobalSection
	GlobalSection(SolutionProperties) = preSolution
		HideSolutionNode = FALSE
	EndGlobalSection
	GlobalSection(ExtensibilityGlobals) = postSolution
		SolutionGuid = {8AC92EB8-5E56-4B30-A6EB-D48C38080607}
	EndGlobalSection
EndGlobal
