
Microsoft Visual Studio Solution File, Format Version 12.00
# Visual Studio Version 16
VisualStudioVersion = 16.0.29403.142
MinimumVisualStudioVersion = 10.0.40219.1
Project("{FAE04EC0-301F-11D3-BF4B-00C04F79EFBC}") = "CoursMickaelBouteille", "CoursMickaelBouteille\CoursMickaelBouteille.csproj", "{2FAD5447-728A-4AA4-AE3B-B9F37E0DAD96}"
EndProject
Project("{FAE04EC0-301F-11D3-BF4B-00C04F79EFBC}") = "CoursMickaelPerso", "CoursMickaelPerso\CoursMickaelPerso.csproj", "{B0648121-977C-4712-8EFE-BBFA9E173667}"
EndProject
Project("{FAE04EC0-301F-11D3-BF4B-00C04F79EFBC}") = "CoursMickaelException", "CoursMickaelException\CoursMickaelException.csproj", "{785ECFBF-FA64-48D3-A6E1-3CDDCFBBED6C}"
EndProject
Global
	GlobalSection(SolutionConfigurationPlatforms) = preSolution
		Debug|Any CPU = Debug|Any CPU
		Release|Any CPU = Release|Any CPU
	EndGlobalSection
	GlobalSection(ProjectConfigurationPlatforms) = postSolution
		{2FAD5447-728A-4AA4-AE3B-B9F37E0DAD96}.Debug|Any CPU.ActiveCfg = Debug|Any CPU
		{2FAD5447-728A-4AA4-AE3B-B9F37E0DAD96}.Debug|Any CPU.Build.0 = Debug|Any CPU
		{2FAD5447-728A-4AA4-AE3B-B9F37E0DAD96}.Release|Any CPU.ActiveCfg = Release|Any CPU
		{2FAD5447-728A-4AA4-AE3B-B9F37E0DAD96}.Release|Any CPU.Build.0 = Release|Any CPU
		{B0648121-977C-4712-8EFE-BBFA9E173667}.Debug|Any CPU.ActiveCfg = Debug|Any CPU
		{B0648121-977C-4712-8EFE-BBFA9E173667}.Debug|Any CPU.Build.0 = Debug|Any CPU
		{B0648121-977C-4712-8EFE-BBFA9E173667}.Release|Any CPU.ActiveCfg = Release|Any CPU
		{B0648121-977C-4712-8EFE-BBFA9E173667}.Release|Any CPU.Build.0 = Release|Any CPU
		{785ECFBF-FA64-48D3-A6E1-3CDDCFBBED6C}.Debug|Any CPU.ActiveCfg = Debug|Any CPU
		{785ECFBF-FA64-48D3-A6E1-3CDDCFBBED6C}.Debug|Any CPU.Build.0 = Debug|Any CPU
		{785ECFBF-FA64-48D3-A6E1-3CDDCFBBED6C}.Release|Any CPU.ActiveCfg = Release|Any CPU
		{785ECFBF-FA64-48D3-A6E1-3CDDCFBBED6C}.Release|Any CPU.Build.0 = Release|Any CPU
	EndGlobalSection
	GlobalSection(SolutionProperties) = preSolution
		HideSolutionNode = FALSE
	EndGlobalSection
	GlobalSection(ExtensibilityGlobals) = postSolution
		SolutionGuid = {80B84948-369E-41F5-A0B9-7795D6FCFEBB}
	EndGlobalSection
EndGlobal
