
Microsoft Visual Studio Solution File, Format Version 12.00
# Visual Studio Version 16
VisualStudioVersion = 16.0.29409.12
MinimumVisualStudioVersion = 10.0.40219.1
Project("{FAE04EC0-301F-11D3-BF4B-00C04F79EFBC}") = "TestStreamTxt", "TestStreamTxt\TestStreamTxt.csproj", "{8EB36C5F-E17C-4677-A83A-39FCFCD049E0}"
EndProject
Global
	GlobalSection(SolutionConfigurationPlatforms) = preSolution
		Debug|Any CPU = Debug|Any CPU
		Release|Any CPU = Release|Any CPU
	EndGlobalSection
	GlobalSection(ProjectConfigurationPlatforms) = postSolution
		{8EB36C5F-E17C-4677-A83A-39FCFCD049E0}.Debug|Any CPU.ActiveCfg = Debug|Any CPU
		{8EB36C5F-E17C-4677-A83A-39FCFCD049E0}.Debug|Any CPU.Build.0 = Debug|Any CPU
		{8EB36C5F-E17C-4677-A83A-39FCFCD049E0}.Release|Any CPU.ActiveCfg = Release|Any CPU
		{8EB36C5F-E17C-4677-A83A-39FCFCD049E0}.Release|Any CPU.Build.0 = Release|Any CPU
	EndGlobalSection
	GlobalSection(SolutionProperties) = preSolution
		HideSolutionNode = FALSE
	EndGlobalSection
	GlobalSection(ExtensibilityGlobals) = postSolution
		SolutionGuid = {A45A34CD-5E15-4624-B381-50B02ED277CC}
	EndGlobalSection
EndGlobal
