
Microsoft Visual Studio Solution File, Format Version 12.00
# Visual Studio Version 16
VisualStudioVersion = 16.0.29403.142
MinimumVisualStudioVersion = 10.0.40219.1
Project("{FAE04EC0-301F-11D3-BF4B-00C04F79EFBC}") = "TpComptesBancaires", "TpComptesBancaires\TpComptesBancaires.csproj", "{1C2270AA-0F89-4197-BC78-2EEF7F1560BB}"
EndProject
Global
	GlobalSection(SolutionConfigurationPlatforms) = preSolution
		Debug|Any CPU = Debug|Any CPU
		Release|Any CPU = Release|Any CPU
	EndGlobalSection
	GlobalSection(ProjectConfigurationPlatforms) = postSolution
		{1C2270AA-0F89-4197-BC78-2EEF7F1560BB}.Debug|Any CPU.ActiveCfg = Debug|Any CPU
		{1C2270AA-0F89-4197-BC78-2EEF7F1560BB}.Debug|Any CPU.Build.0 = Debug|Any CPU
		{1C2270AA-0F89-4197-BC78-2EEF7F1560BB}.Release|Any CPU.ActiveCfg = Release|Any CPU
		{1C2270AA-0F89-4197-BC78-2EEF7F1560BB}.Release|Any CPU.Build.0 = Release|Any CPU
	EndGlobalSection
	GlobalSection(SolutionProperties) = preSolution
		HideSolutionNode = FALSE
	EndGlobalSection
	GlobalSection(ExtensibilityGlobals) = postSolution
		SolutionGuid = {2A2000B4-C543-4B5A-8880-AFCF5FADB689}
	EndGlobalSection
EndGlobal
